// !$*UTF8*$!
{
	archiveVersion = 1;
	classes = {
	};
	objectVersion = 46;
	objects = {

/* Begin PBXBuildFile section */
		AA5C6E8E1B994FB0001943B3 /* PlayerViewController.swift in Sources */ = {isa = PBXBuildFile; fileRef = AA5C6E8D1B994FB0001943B3 /* PlayerViewController.swift */; settings = {ASSET_TAGS = (); }; };
		AA5C6E901B99501C001943B3 /* AVKit.framework in Frameworks */ = {isa = PBXBuildFile; fileRef = AA5C6E8F1B99501C001943B3 /* AVKit.framework */; };
		AA5C6E951B995100001943B3 /* PageViewController.swift in Sources */ = {isa = PBXBuildFile; fileRef = AA5C6E941B995100001943B3 /* PageViewController.swift */; settings = {ASSET_TAGS = (); }; };
		AA8FE3171B994E47006FF14C /* AppDelegate.swift in Sources */ = {isa = PBXBuildFile; fileRef = AA8FE3161B994E47006FF14C /* AppDelegate.swift */; };
		AA8FE3191B994E47006FF14C /* ViewController.swift in Sources */ = {isa = PBXBuildFile; fileRef = AA8FE3181B994E47006FF14C /* ViewController.swift */; };
		AA8FE31C1B994E47006FF14C /* Main.storyboard in Resources */ = {isa = PBXBuildFile; fileRef = AA8FE31A1B994E47006FF14C /* Main.storyboard */; };
		AA8FE31E1B994E47006FF14C /* Assets.xcassets in Resources */ = {isa = PBXBuildFile; fileRef = AA8FE31D1B994E47006FF14C /* Assets.xcassets */; };
		AA8FE3211B994E47006FF14C /* LaunchScreen.storyboard in Resources */ = {isa = PBXBuildFile; fileRef = AA8FE31F1B994E47006FF14C /* LaunchScreen.storyboard */; };
/* End PBXBuildFile section */

/* Begin PBXFileReference section */
		AA5C6E8D1B994FB0001943B3 /* PlayerViewController.swift */ = {isa = PBXFileReference; fileEncoding = 4; lastKnownFileType = sourcecode.swift; path = PlayerViewController.swift; sourceTree = "<group>"; };
		AA5C6E8F1B99501C001943B3 /* AVKit.framework */ = {isa = PBXFileReference; lastKnownFileType = wrapper.framework; name = AVKit.framework; path = System/Library/Frameworks/AVKit.framework; sourceTree = SDKROOT; };
		AA5C6E941B995100001943B3 /* PageViewController.swift */ = {isa = PBXFileReference; fileEncoding = 4; lastKnownFileType = sourcecode.swift; path = PageViewController.swift; sourceTree = "<group>"; };
		AA8FE3131B994E47006FF14C /* VideoPageView.app */ = {isa = PBXFileReference; explicitFileType = wrapper.application; includeInIndex = 0; path = VideoPageView.app; sourceTree = BUILT_PRODUCTS_DIR; };
		AA8FE3161B994E47006FF14C /* AppDelegate.swift */ = {isa = PBXFileReference; lastKnownFileType = sourcecode.swift; path = AppDelegate.swift; sourceTree = "<group>"; };
		AA8FE3181B994E47006FF14C /* ViewController.swift */ = {isa = PBXFileReference; lastKnownFileType = sourcecode.swift; path = ViewController.swift; sourceTree = "<group>"; };
		AA8FE31B1B994E47006FF14C /* Base */ = {isa = PBXFileReference; lastKnownFileType = file.storyboard; name = Base; path = Base.lproj/Main.storyboard; sourceTree = "<group>"; };
		AA8FE31D1B994E47006FF14C /* Assets.xcassets */ = {isa = PBXFileReference; lastKnownFileType = folder.assetcatalog; path = Assets.xcassets; sourceTree = "<group>"; };
		AA8FE3201B994E47006FF14C /* Base */ = {isa = PBXFileReference; lastKnownFileType = file.storyboard; name = Base; path = Base.lproj/LaunchScreen.storyboard; sourceTree = "<group>"; };
		AA8FE3221B994E47006FF14C /* Info.plist */ = {isa = PBXFileReference; lastKnownFileType = text.plist.xml; path = Info.plist; sourceTree = "<group>"; };
/* End PBXFileReference section */

/* Begin PBXFrameworksBuildPhase section */
		AA8FE3101B994E47006FF14C /* Frameworks */ = {
			isa = PBXFrameworksBuildPhase;
			buildActionMask = 2147483647;
			files = (
				AA5C6E901B99501C001943B3 /* AVKit.framework in Frameworks */,
			);
			runOnlyForDeploymentPostprocessing = 0;
		};
/* End PBXFrameworksBuildPhase section */

/* Begin PBXGroup section */
		AA8FE30A1B994E47006FF14C = {
			isa = PBXGroup;
			children = (
				AA5C6E8F1B99501C001943B3 /* AVKit.framework */,
				AA8FE3151B994E47006FF14C /* VideoPageView */,
				AA8FE3141B994E47006FF14C /* Products */,
			);
			sourceTree = "<group>";
		};
		AA8FE3141B994E47006FF14C /* Products */ = {
			isa = PBXGroup;
			children = (
				AA8FE3131B994E47006FF14C /* VideoPageView.app */,
			);
			name = Products;
			sourceTree = "<group>";
		};
		AA8FE3151B994E47006FF14C /* VideoPageView */ = {
			isa = PBXGroup;
			children = (
				AA8FE3161B994E47006FF14C /* AppDelegate.swift */,
				AA8FE3181B994E47006FF14C /* ViewController.swift */,
				AA8FE31A1B994E47006FF14C /* Main.storyboard */,
				AA8FE31D1B994E47006FF14C /* Assets.xcassets */,
				AA8FE31F1B994E47006FF14C /* LaunchScreen.storyboard */,
				AA8FE3221B994E47006FF14C /* Info.plist */,
				AA5C6E8D1B994FB0001943B3 /* PlayerViewController.swift */,
				AA5C6E941B995100001943B3 /* PageViewController.swift */,
			);
			path = VideoPageView;
			sourceTree = "<group>";
		};
/* End PBXGroup section */

/* Begin PBXNativeTarget section */
		AA8FE3121B994E47006FF14C /* VideoPageView */ = {
			isa = PBXNativeTarget;
			buildConfigurationList = AA8FE3251B994E47006FF14C /* Build configuration list for PBXNativeTarget "VideoPageView" */;
			buildPhases = (
				AA8FE30F1B994E47006FF14C /* Sources */,
				AA8FE3101B994E47006FF14C /* Frameworks */,
				AA8FE3111B994E47006FF14C /* Resources */,
			);
			buildRules = (
			);
			dependencies = (
			);
			name = VideoPageView;
			productName = VideoPageView;
			productReference = AA8FE3131B994E47006FF14C /* VideoPageView.app */;
			productType = "com.apple.product-type.application";
		};
/* End PBXNativeTarget section */

/* Begin PBXProject section */
		AA8FE30B1B994E47006FF14C /* Project object */ = {
			isa = PBXProject;
			attributes = {
				LastUpgradeCheck = 0700;
				ORGANIZATIONNAME = "Ethan Fan";
				TargetAttributes = {
					AA8FE3121B994E47006FF14C = {
						CreatedOnToolsVersion = 7.0;
					};
				};
			};
			buildConfigurationList = AA8FE30E1B994E47006FF14C /* Build configuration list for PBXProject "VideoPageView" */;
			compatibilityVersion = "Xcode 3.2";
			developmentRegion = English;
			hasScannedForEncodings = 0;
			knownRegions = (
				en,
				Base,
			);
			mainGroup = AA8FE30A1B994E47006FF14C;
			productRefGroup = AA8FE3141B994E47006FF14C /* Products */;
			projectDirPath = "";
			projectRoot = "";
			targets = (
				AA8FE3121B994E47006FF14C /* VideoPageView */,
			);
		};
/* End PBXProject section */

/* Begin PBXResourcesBuildPhase section */
		AA8FE3111B994E47006FF14C /* Resources */ = {
			isa = PBXResourcesBuildPhase;
			buildActionMask = 2147483647;
			files = (
				AA8FE3211B994E47006FF14C /* LaunchScreen.storyboard in Resources */,
				AA8FE31E1B994E47006FF14C /* Assets.xcassets in Resources */,
				AA8FE31C1B994E47006FF14C /* Main.storyboard in Resources */,
			);
			runOnlyForDeploymentPostprocessing = 0;
		};
/* End PBXResourcesBuildPhase section */

/* Begin PBXSourcesBuildPhase section */
		AA8FE30F1B994E47006FF14C /* Sources */ = {
			isa = PBXSourcesBuildPhase;
			buildActionMask = 2147483647;
			files = (
				AA8FE3191B994E47006FF14C /* ViewController.swift in Sources */,
				AA8FE3171B994E47006FF14C /* AppDelegate.swift in Sources */,
				AA5C6E8E1B994FB0001943B3 /* PlayerViewController.swift in Sources */,
				AA5C6E951B995100001943B3 /* PageViewController.swift in Sources */,
			);
			runOnlyForDeploymentPostprocessing = 0;
		};
/* End PBXSourcesBuildPhase section */

/* Begin PBXVariantGroup section */
		AA8FE31A1B994E47006FF14C /* Main.storyboard */ = {
			isa = PBXVariantGroup;
			children = (
				AA8FE31B1B994E47006FF14C /* Base */,
			);
			name = Main.storyboard;
			sourceTree = "<group>";
		};
		AA8FE31F1B994E47006FF14C /* LaunchScreen.storyboard */ = {
			isa = PBXVariantGroup;
			children = (
				AA8FE3201B994E47006FF14C /* Base */,
			);
			name = LaunchScreen.storyboard;
			sourceTree = "<group>";
		};
/* End PBXVariantGroup section */

/* Begin XCBuildConfiguration section */
		AA8FE3231B994E47006FF14C /* Debug */ = {
			isa = XCBuildConfiguration;
			buildSettings = {
				ALWAYS_SEARCH_USER_PATHS = NO;
				CLANG_CXX_LANGUAGE_STANDARD = "gnu++0x";
				CLANG_CXX_LIBRARY = "libc++";
				CLANG_ENABLE_MODULES = YES;
				CLANG_ENABLE_OBJC_ARC = YES;
				CLANG_WARN_BOOL_CONVERSION = YES;
				CLANG_WARN_CONSTANT_CONVERSION = YES;
				CLANG_WARN_DIRECT_OBJC_ISA_USAGE = YES_ERROR;
				CLANG_WARN_EMPTY_BODY = YES;
				CLANG_WARN_ENUM_CONVERSION = YES;
				CLANG_WARN_INT_CONVERSION = YES;
				CLANG_WARN_OBJC_ROOT_CLASS = YES_ERROR;
				CLANG_WARN_UNREACHABLE_CODE = YES;
				CLANG_WARN__DUPLICATE_METHOD_MATCH = YES;
				"CODE_SIGN_IDENTITY[sdk=iphoneos*]" = "iPhone Developer";
				COPY_PHASE_STRIP = NO;
				DEBUG_INFORMATION_FORMAT = dwarf;
				ENABLE_STRICT_OBJC_MSGSEND = YES;
				ENABLE_TESTABILITY = YES;
				GCC_C_LANGUAGE_STANDARD = gnu99;
				GCC_DYNAMIC_NO_PIC = NO;
				GCC_NO_COMMON_BLOCKS = YES;
				GCC_OPTIMIZATION_LEVEL = 0;
				GCC_PREPROCESSOR_DEFINITIONS = (
					"DEBUG=1",
					"$(inherited)",
				);
				GCC_WARN_64_TO_32_BIT_CONVERSION = YES;
				GCC_WARN_ABOUT_RETURN_TYPE = YES_ERROR;
				GCC_WARN_UNDECLARED_SELECTOR = YES;
				GCC_WARN_UNINITIALIZED_AUTOS = YES_AGGRESSIVE;
				GCC_WARN_UNUSED_FUNCTION = YES;
				GCC_WARN_UNUSED_VARIABLE = YES;
				IPHONEOS_DEPLOYMENT_TARGET = 9.0;
				MTL_ENABLE_DEBUG_INFO = YES;
				ONLY_ACTIVE_ARCH = YES;
				SDKROOT = iphoneos;
				SWIFT_OPTIMIZATION_LEVEL = "-Onone";
			};
			name = Debug;
		};
		AA8FE3241B994E47006FF14C /* Release */ = {
			isa = XCBuildConfiguration;
			buildSettings = {
				ALWAYS_SEARCH_USER_PATHS = NO;
				CLANG_CXX_LANGUAGE_STANDARD = "gnu++0x";
				CLANG_CXX_LIBRARY = "libc++";
				CLANG_ENABLE_MODULES = YES;
				CLANG_ENABLE_OBJC_ARC = YES;
				CLANG_WARN_BOOL_CONVERSION = YES;
				CLANG_WARN_CONSTANT_CONVERSION = YES;
				CLANG_WARN_DIRECT_OBJC_ISA_USAGE = YES_ERROR;
				CLANG_WARN_EMPTY_BODY = YES;
				CLANG_WARN_ENUM_CONVERSION = YES;
				CLANG_WARN_INT_CONVERSION = YES;
				CLANG_WARN_OBJC_ROOT_CLASS = YES_ERROR;
				CLANG_WARN_UNREACHABLE_CODE = YES;
				CLANG_WARN__DUPLICATE_METHOD_MATCH = YES;
				"CODE_SIGN_IDENTITY[sdk=iphoneos*]" = "iPhone Developer";
				COPY_PHASE_STRIP = NO;
				DEBUG_INFORMATION_FORMAT = "dwarf-with-dsym";
				ENABLE_NS_ASSERTIONS = NO;
				ENABLE_STRICT_OBJC_MSGSEND = YES;
				GCC_C_LANGUAGE_STANDARD = gnu99;
				GCC_NO_COMMON_BLOCKS = YES;
				GCC_WARN_64_TO_32_BIT_CONVERSION = YES;
				GCC_WARN_ABOUT_RETURN_TYPE = YES_ERROR;
				GCC_WARN_UNDECLARED_SELECTOR = YES;
				GCC_WARN_UNINITIALIZED_AUTOS = YES_AGGRESSIVE;
				GCC_WARN_UNUSED_FUNCTION = YES;
				GCC_WARN_UNUSED_VARIABLE = YES;
				IPHONEOS_DEPLOYMENT_TARGET = 9.0;
				MTL_ENABLE_DEBUG_INFO = NO;
				SDKROOT = iphoneos;
				VALIDATE_PRODUCT = YES;
			};
			name = Release;
		};
		AA8FE3261B994E47006FF14C /* Debug */ = {
			isa = XCBuildConfiguration;
			buildSettings = {
				ASSETCATALOG_COMPILER_APPICON_NAME = AppIcon;
				INFOPLIST_FILE = VideoPageView/Info.plist;
				LD_RUNPATH_SEARCH_PATHS = "$(inherited) @executable_path/Frameworks";
				PRODUCT_BUNDLE_IDENTIFIER = com.ethanfan.VideoPageView;
				PRODUCT_NAME = "$(TARGET_NAME)";
			};
			name = Debug;
		};
		AA8FE3271B994E47006FF14C /* Release */ = {
			isa = XCBuildConfiguration;
			buildSettings = {
				ASSETCATALOG_COMPILER_APPICON_NAME = AppIcon;
				INFOPLIST_FILE = VideoPageView/Info.plist;
				LD_RUNPATH_SEARCH_PATHS = "$(inherited) @executable_path/Frameworks";
				PRODUCT_BUNDLE_IDENTIFIER = com.ethanfan.VideoPageView;
				PRODUCT_NAME = "$(TARGET_NAME)";
			};
			name = Release;
		};
/* End XCBuildConfiguration section */

/* Begin XCConfigurationList section */
		AA8FE30E1B994E47006FF14C /* Build configuration list for PBXProject "VideoPageView" */ = {
			isa = XCConfigurationList;
			buildConfigurations = (
				AA8FE3231B994E47006FF14C /* Debug */,
				AA8FE3241B994E47006FF14C /* Release */,
			);
			defaultConfigurationIsVisible = 0;
			defaultConfigurationName = Release;
		};
		AA8FE3251B994E47006FF14C /* Build configuration list for PBXNativeTarget "VideoPageView" */ = {
			isa = XCConfigurationList;
			buildConfigurations = (
				AA8FE3261B994E47006FF14C /* Debug */,
				AA8FE3271B994E47006FF14C /* Release */,
			);
			defaultConfigurationIsVisible = 0;
			defaultConfigurationName = Release;
		};
/* End XCConfigurationList section */
	};
	rootObject = AA8FE30B1B994E47006FF14C /* Project object */;
}
